
Microsoft Visual Studio Solution File, Format Version 12.00
# Visual Studio Version 16
VisualStudioVersion = 16.0.30128.36
MinimumVisualStudioVersion = 10.0.40219.1
Project("{9A19103F-16F7-4668-BE54-9A1E7A4F7556}") = "HbrGroupWebServices", "HbrGroupWebServices\HbrGroupWebServices.csproj", "{91E746E6-3A58-4645-871B-D12B1D81E1A7}"
EndProject
Global
	GlobalSection(SolutionConfigurationPlatforms) = preSolution
		Debug|Any CPU = Debug|Any CPU
		Release|Any CPU = Release|Any CPU
	EndGlobalSection
	GlobalSection(ProjectConfigurationPlatforms) = postSolution
		{91E746E6-3A58-4645-871B-D12B1D81E1A7}.Debug|Any CPU.ActiveCfg = Debug|Any CPU
		{91E746E6-3A58-4645-871B-D12B1D81E1A7}.Debug|Any CPU.Build.0 = Debug|Any CPU
		{91E746E6-3A58-4645-871B-D12B1D81E1A7}.Release|Any CPU.ActiveCfg = Release|Any CPU
		{91E746E6-3A58-4645-871B-D12B1D81E1A7}.Release|Any CPU.Build.0 = Release|Any CPU
	EndGlobalSection
	GlobalSection(SolutionProperties) = preSolution
		HideSolutionNode = FALSE
	EndGlobalSection
	GlobalSection(ExtensibilityGlobals) = postSolution
		SolutionGuid = {1CC1783E-8E0A-48E4-85D1-6DB4AB16DE31}
	EndGlobalSection
EndGlobal
